Microsoft Visual Studio Solution File, Format Version 11.00
# Visual Studio 2008

Project("{469BBA0A-5642-35DF-CEED-E42DB14F17B0}") = "back", "Assembly-CSharp.csproj", "{FE792E94-569D-0A0C-4A98-7173B60687C1}"
EndProject
Project("{469BBA0A-5642-35DF-CEED-E42DB14F17B0}") = "back", "Assembly-CSharp-Editor.csproj", "{1E0DC650-20D4-70AB-935F-AD090AE3DE5B}"
EndProject
Global
	GlobalSection(SolutionConfigurationPlatforms) = preSolution
		Debug|Any CPU = Debug|Any CPU
		Release|Any CPU = Release|Any CPU
	EndGlobalSection
	GlobalSection(ProjectConfigurationPlatforms) = postSolution
		{FE792E94-569D-0A0C-4A98-7173B60687C1}.Debug|Any CPU.ActiveCfg = Debug|Any CPU
		{FE792E94-569D-0A0C-4A98-7173B60687C1}.Debug|Any CPU.Build.0 = Debug|Any CPU
		{FE792E94-569D-0A0C-4A98-7173B60687C1}.Release|Any CPU.ActiveCfg = Release|Any CPU
		{FE792E94-569D-0A0C-4A98-7173B60687C1}.Release|Any CPU.Build.0 = Release|Any CPU
		{1E0DC650-20D4-70AB-935F-AD090AE3DE5B}.Debug|Any CPU.ActiveCfg = Debug|Any CPU
		{1E0DC650-20D4-70AB-935F-AD090AE3DE5B}.Debug|Any CPU.Build.0 = Debug|Any CPU
		{1E0DC650-20D4-70AB-935F-AD090AE3DE5B}.Release|Any CPU.ActiveCfg = Release|Any CPU
		{1E0DC650-20D4-70AB-935F-AD090AE3DE5B}.Release|Any CPU.Build.0 = Release|Any CPU
	EndGlobalSection
	GlobalSection(SolutionProperties) = preSolution
		HideSolutionNode = FALSE
	EndGlobalSection
	GlobalSection(MonoDevelopProperties) = preSolution
		StartupItem = Assembly-CSharp.csproj
	EndGlobalSection
EndGlobal
